
Microsoft Visual Studio Solution File, Format Version 12.00
# Visual Studio Version 17
VisualStudioVersion = 17.2.32526.322
MinimumVisualStudioVersion = 10.0.40219.1
Project("{8BC9CEB8-8B4A-11D0-8D11-00A0C91BC942}") = "pracOpenMP", "pracOpenMP.vcxproj", "{3AB1AB98-2522-4E39-AFA2-98D712E6DAD5}"
EndProject
Global
	GlobalSection(SolutionConfigurationPlatforms) = preSolution
		Debug|x64 = Debug|x64
		Debug|x86 = Debug|x86
		Release|x64 = Release|x64
		Release|x86 = Release|x86
	EndGlobalSection
	GlobalSection(ProjectConfigurationPlatforms) = postSolution
		{3AB1AB98-2522-4E39-AFA2-98D712E6DAD5}.Debug|x64.ActiveCfg = Debug|x64
		{3AB1AB98-2522-4E39-AFA2-98D712E6DAD5}.Debug|x64.Build.0 = Debug|x64
		{3AB1AB98-2522-4E39-AFA2-98D712E6DAD5}.Debug|x86.ActiveCfg = Debug|Win32
		{3AB1AB98-2522-4E39-AFA2-98D712E6DAD5}.Debug|x86.Build.0 = Debug|Win32
		{3AB1AB98-2522-4E39-AFA2-98D712E6DAD5}.Release|x64.ActiveCfg = Release|x64
		{3AB1AB98-2522-4E39-AFA2-98D712E6DAD5}.Release|x64.Build.0 = Release|x64
		{3AB1AB98-2522-4E39-AFA2-98D712E6DAD5}.Release|x86.ActiveCfg = Release|Win32
		{3AB1AB98-2522-4E39-AFA2-98D712E6DAD5}.Release|x86.Build.0 = Release|Win32
	EndGlobalSection
	GlobalSection(SolutionProperties) = preSolution
		HideSolutionNode = FALSE
	EndGlobalSection
	GlobalSection(ExtensibilityGlobals) = postSolution
		SolutionGuid = {902CD345-BD87-4806-AAD9-107108660529}
	EndGlobalSection
EndGlobal
